
Microsoft Visual Studio Solution File, Format Version 12.00
# Visual Studio Version 18
VisualStudioVersion = 18.0.11222.15
MinimumVisualStudioVersion = 10.0.40219.1
Project("{9A19103F-16F7-4668-BE54-9A1E7A4F7556}") = "Explorip", "Explorip\Explorip.csproj", "{001DCDA7-F4C3-4BD6-A86C-C99B35A9798A}"
EndProject
Project("{9A19103F-16F7-4668-BE54-9A1E7A4F7556}") = "ManagedShell", "Libraries\ManagedShell\ManagedShell\ManagedShell.csproj", "{78F2AD9F-F689-4F84-AD24-FCE54B23C6E6}"
EndProject
Project("{9A19103F-16F7-4668-BE54-9A1E7A4F7556}") = "ManagedShell.AppBar", "Libraries\ManagedShell\ManagedShell.AppBar\ManagedShell.AppBar.csproj", "{FAED8422-BAC8-4909-A199-E16595A1F448}"
EndProject
Project("{9A19103F-16F7-4668-BE54-9A1E7A4F7556}") = "ManagedShell.Common", "Libraries\ManagedShell\ManagedShell.Common\ManagedShell.Common.csproj", "{B5AFDC3A-12D6-44BB-8B03-D4A3D6CDCE0D}"
EndProject
Project("{9A19103F-16F7-4668-BE54-9A1E7A4F7556}") = "ManagedShell.Interop", "Libraries\ManagedShell\ManagedShell.Interop\ManagedShell.Interop.csproj", "{70C88862-47D9-4706-8C9A-2C9C8CFD4ABD}"
EndProject
Project("{9A19103F-16F7-4668-BE54-9A1E7A4F7556}") = "ManagedShell.ShellFolders", "Libraries\ManagedShell\ManagedShell.ShellFolders\ManagedShell.ShellFolders.csproj", "{08CA72AE-748C-45E3-88F1-0236D1AC679E}"
EndProject
Project("{9A19103F-16F7-4668-BE54-9A1E7A4F7556}") = "ManagedShell.UWPInterop", "Libraries\ManagedShell\ManagedShell.UWPInterop\ManagedShell.UWPInterop.csproj", "{51215E01-FAA3-4C16-9381-6F7B593A8FBE}"
EndProject
Project("{9A19103F-16F7-4668-BE54-9A1E7A4F7556}") = "ManagedShell.WindowsTasks", "Libraries\ManagedShell\ManagedShell.WindowsTasks\ManagedShell.WindowsTasks.csproj", "{DDC9D4FA-8457-4D65-A776-32F84227C2D8}"
EndProject
Project("{9A19103F-16F7-4668-BE54-9A1E7A4F7556}") = "ManagedShell.WindowsTray", "Libraries\ManagedShell\ManagedShell.WindowsTray\ManagedShell.WindowsTray.csproj", "{B469BD3C-8790-4262-AB02-0195AECB9CE6}"
EndProject
Project("{9A19103F-16F7-4668-BE54-9A1E7A4F7556}") = "Core", "Libraries\WindowsAPICodePack\Core\Core.csproj", "{2E1FB0DF-F9BB-4909-9F32-2D9D022A8E57}"
EndProject
Project("{2150E333-8FDC-42A3-9474-1A3956D46DE8}") = "Libs", "Libs", "{02E20678-9AD3-4370-904E-02D800F25B35}"
EndProject
Project("{2150E333-8FDC-42A3-9474-1A3956D46DE8}") = "ManagedShell", "ManagedShell", "{9F2810C8-6F9A-46F8-BF21-5A02EE5E9A3E}"
EndProject
Project("{2150E333-8FDC-42A3-9474-1A3956D46DE8}") = "VirtualDesktop", "VirtualDesktop", "{D4060886-926E-4C66-B162-6AF9021DCCB1}"
EndProject
Project("{2150E333-8FDC-42A3-9474-1A3956D46DE8}") = "WindowsAPICodePack", "WindowsAPICodePack", "{27C336B7-987D-4EF8-B330-41FB020BC094}"
EndProject
Project("{9A19103F-16F7-4668-BE54-9A1E7A4F7556}") = "Shell", "Libraries\WindowsAPICodePack\Shell\Shell.csproj", "{AA0C00CB-8699-4F37-BFAE-40CA87ACC06D}"
EndProject
Project("{9A19103F-16F7-4668-BE54-9A1E7A4F7556}") = "HookFileOperations", "HookFileOperation\HookFileOperations\HookFileOperations.csproj", "{1FD71282-00D6-44D4-9857-1D26030662B2}"
EndProject
Project("{9A19103F-16F7-4668-BE54-9A1E7A4F7556}") = "HookFileOperationsManager", "HookFileOperation\HookFileOperationsManager\HookFileOperationsManager.csproj", "{30E52DC9-89E9-40B7-8785-AC13479751B0}"
EndProject
Project("{2150E333-8FDC-42A3-9474-1A3956D46DE8}") = "HookFileOperation", "HookFileOperation", "{218DB468-F097-4391-9481-971D3F07B588}"
EndProject
Project("{9A19103F-16F7-4668-BE54-9A1E7A4F7556}") = "ExploripCopy", "HookFileOperation\ExploripCopy\ExploripCopy.csproj", "{3EEDE2B5-F238-42D0-9666-ED4FE1453E23}"
EndProject
Project("{9A19103F-16F7-4668-BE54-9A1E7A4F7556}") = "WpfScreenHelper", "Libraries\WpfScreenHelper\WpfScreenHelper.csproj", "{3F507334-F494-4D80-B698-DE4798CF5C8C}"
EndProject
Project("{9A19103F-16F7-4668-BE54-9A1E7A4F7556}") = "NotifyIconWpf", "Libraries\NotifyIconWpf\NotifyIconWpf.csproj", "{315A774E-E59D-4B34-BE47-16B408D42E66}"
EndProject
Project("{2150E333-8FDC-42A3-9474-1A3956D46DE8}") = "ShortcutLnk", "ShortcutLnk", "{47504A38-602C-43A1-989B-925F53E447E1}"
EndProject
Project("{9A19103F-16F7-4668-BE54-9A1E7A4F7556}") = "Securify.ShellLink", "Libraries\ShellLink\Securify.ShellLink.csproj", "{C9341443-36D5-4309-AB3D-D3D2612D5609}"
EndProject
Project("{9A19103F-16F7-4668-BE54-9A1E7A4F7556}") = "ExploripApi", "ExploripApi\ExploripApi.csproj", "{86B574DF-0076-4A7B-8082-4F0185953737}"
EndProject
Project("{9A19103F-16F7-4668-BE54-9A1E7A4F7556}") = "ExploripSharedCopy", "HookFileOperation\ExploripSharedCopy\ExploripSharedCopy.csproj", "{2C8D880A-68E2-49D9-82CD-3A2FE01E1F75}"
EndProject
Project("{9A19103F-16F7-4668-BE54-9A1E7A4F7556}") = "ExploripConfig", "Libraries\ExploripConfig\ExploripConfig.csproj", "{865A98D3-510F-4B8A-9AF5-38C68A40C70F}"
EndProject
Project("{2150E333-8FDC-42A3-9474-1A3956D46DE8}") = "Plugins", "Plugins", "{02EA681E-C7D8-13C7-8484-4AC65E1B71E8}"
EndProject
Project("{FAE04EC0-301F-11D3-BF4B-00C04F79EFBC}") = "ExploripPlugins", "Plugins\ExploripPlugins\ExploripPlugins.csproj", "{0AAB2216-EF05-49D7-9798-A754AEAC1DD7}"
EndProject
Project("{FAE04EC0-301F-11D3-BF4B-00C04F79EFBC}") = "Mp3Player", "Plugins\Mp3Player\Mp3Player.csproj", "{55FDAC13-2AB1-42C8-85BD-4A068F4107A0}"
EndProject
Project("{FAE04EC0-301F-11D3-BF4B-00C04F79EFBC}") = "CoolBytes.ScriptInterpreter", "Libraries\Scripting\Coolbytes.ScriptInterpreter\CoolBytes.ScriptInterpreter.csproj", "{76A2D5B5-297D-4CA6-8C21-E851642143C5}"
EndProject
Project("{2150E333-8FDC-42A3-9474-1A3956D46DE8}") = "Scripting", "Scripting", "{3B4306ED-2F48-4E45-BCF5-C5EBEEA8734E}"
EndProject
Project("{FAE04EC0-301F-11D3-BF4B-00C04F79EFBC}") = "CoolBytes.Scripting", "Libraries\Scripting\CoolBytes.Scripting\CoolBytes.Scripting.csproj", "{6C161902-E387-41EF-9F7E-699733184F6F}"
EndProject
Project("{FAE04EC0-301F-11D3-BF4B-00C04F79EFBC}") = "CoolBytes.Helpers", "Libraries\CoolBytes.Helpers\CoolBytes.Helpers.csproj", "{BC1015D4-2CDA-4CC1-AD06-35F949397F16}"
EndProject
Project("{FAE04EC0-301F-11D3-BF4B-00C04F79EFBC}") = "Monitorian", "Libraries\Monitorian\Monitorian.csproj", "{30574F83-3A99-4BE1-86EB-2E68C5D2CC4F}"
EndProject
Project("{FAE04EC0-301F-11D3-BF4B-00C04F79EFBC}") = "ComputerInfo", "Plugins\ComputerInfo\ComputerInfo.csproj", "{2026A44F-4D7C-492B-A8D4-6F486E246F4F}"
EndProject
Project("{FAE04EC0-301F-11D3-BF4B-00C04F79EFBC}") = "VirtualDesktop", "Libraries\VirtualDesktop\VirtualDesktop\VirtualDesktop.csproj", "{6F66DDA0-D3CE-5AB3-E55F-F9A09BB96586}"
EndProject
Project("{FAE04EC0-301F-11D3-BF4B-00C04F79EFBC}") = "VirtualDesktop.WPF", "Libraries\VirtualDesktop\VirtualDesktop.WPF\VirtualDesktop.WPF.csproj", "{DE34122D-6FCD-B57C-E5C5-43286F8485A3}"
EndProject
Project("{FAE04EC0-301F-11D3-BF4B-00C04F79EFBC}") = "VirtualDesktopPlugin", "Plugins\VirtualDesktopPlugin\VirtualDesktopPlugin.csproj", "{009A2477-B033-49AB-B3CA-A37130C08551}"
EndProject
Project("{FAE04EC0-301F-11D3-BF4B-00C04F79EFBC}") = "CoolBytes.JumpList", "Libraries\CoolBytes.JumpList\CoolBytes.JumpList.csproj", "{CC51B14A-0D1A-4033-8134-86662BD543A4}"
EndProject
Project("{FAE04EC0-301F-11D3-BF4B-00C04F79EFBC}") = "CoolBytes.InteropWinRT", "Libraries\CoolBytes.InteropWinRT\CoolBytes.InteropWinRT.csproj", "{3051CDCD-1C06-4BF8-BD7E-2844A6FB0055}"
EndProject
Global
	GlobalSection(SolutionConfigurationPlatforms) = preSolution
		Debug|Any CPU = Debug|Any CPU
		Release|Any CPU = Release|Any CPU
	EndGlobalSection
	GlobalSection(ProjectConfigurationPlatforms) = postSolution
		{001DCDA7-F4C3-4BD6-A86C-C99B35A9798A}.Debug|Any CPU.ActiveCfg = Debug|Any CPU
		{001DCDA7-F4C3-4BD6-A86C-C99B35A9798A}.Debug|Any CPU.Build.0 = Debug|Any CPU
		{001DCDA7-F4C3-4BD6-A86C-C99B35A9798A}.Release|Any CPU.ActiveCfg = Release|Any CPU
		{001DCDA7-F4C3-4BD6-A86C-C99B35A9798A}.Release|Any CPU.Build.0 = Release|Any CPU
		{78F2AD9F-F689-4F84-AD24-FCE54B23C6E6}.Debug|Any CPU.ActiveCfg = Debug|Any CPU
		{78F2AD9F-F689-4F84-AD24-FCE54B23C6E6}.Debug|Any CPU.Build.0 = Debug|Any CPU
		{78F2AD9F-F689-4F84-AD24-FCE54B23C6E6}.Release|Any CPU.ActiveCfg = Release|Any CPU
		{78F2AD9F-F689-4F84-AD24-FCE54B23C6E6}.Release|Any CPU.Build.0 = Release|Any CPU
		{FAED8422-BAC8-4909-A199-E16595A1F448}.Debug|Any CPU.ActiveCfg = Debug|Any CPU
		{FAED8422-BAC8-4909-A199-E16595A1F448}.Debug|Any CPU.Build.0 = Debug|Any CPU
		{FAED8422-BAC8-4909-A199-E16595A1F448}.Release|Any CPU.ActiveCfg = Release|Any CPU
		{FAED8422-BAC8-4909-A199-E16595A1F448}.Release|Any CPU.Build.0 = Release|Any CPU
		{B5AFDC3A-12D6-44BB-8B03-D4A3D6CDCE0D}.Debug|Any CPU.ActiveCfg = Debug|Any CPU
		{B5AFDC3A-12D6-44BB-8B03-D4A3D6CDCE0D}.Debug|Any CPU.Build.0 = Debug|Any CPU
		{B5AFDC3A-12D6-44BB-8B03-D4A3D6CDCE0D}.Release|Any CPU.ActiveCfg = Release|Any CPU
		{B5AFDC3A-12D6-44BB-8B03-D4A3D6CDCE0D}.Release|Any CPU.Build.0 = Release|Any CPU
		{70C88862-47D9-4706-8C9A-2C9C8CFD4ABD}.Debug|Any CPU.ActiveCfg = Debug|Any CPU
		{70C88862-47D9-4706-8C9A-2C9C8CFD4ABD}.Debug|Any CPU.Build.0 = Debug|Any CPU
		{70C88862-47D9-4706-8C9A-2C9C8CFD4ABD}.Release|Any CPU.ActiveCfg = Release|Any CPU
		{70C88862-47D9-4706-8C9A-2C9C8CFD4ABD}.Release|Any CPU.Build.0 = Release|Any CPU
		{08CA72AE-748C-45E3-88F1-0236D1AC679E}.Debug|Any CPU.ActiveCfg = Debug|Any CPU
		{08CA72AE-748C-45E3-88F1-0236D1AC679E}.Debug|Any CPU.Build.0 = Debug|Any CPU
		{08CA72AE-748C-45E3-88F1-0236D1AC679E}.Release|Any CPU.ActiveCfg = Release|Any CPU
		{08CA72AE-748C-45E3-88F1-0236D1AC679E}.Release|Any CPU.Build.0 = Release|Any CPU
		{51215E01-FAA3-4C16-9381-6F7B593A8FBE}.Debug|Any CPU.ActiveCfg = Debug|Any CPU
		{51215E01-FAA3-4C16-9381-6F7B593A8FBE}.Debug|Any CPU.Build.0 = Debug|Any CPU
		{51215E01-FAA3-4C16-9381-6F7B593A8FBE}.Release|Any CPU.ActiveCfg = Release|Any CPU
		{51215E01-FAA3-4C16-9381-6F7B593A8FBE}.Release|Any CPU.Build.0 = Release|Any CPU
		{DDC9D4FA-8457-4D65-A776-32F84227C2D8}.Debug|Any CPU.ActiveCfg = Debug|Any CPU
		{DDC9D4FA-8457-4D65-A776-32F84227C2D8}.Debug|Any CPU.Build.0 = Debug|Any CPU
		{DDC9D4FA-8457-4D65-A776-32F84227C2D8}.Release|Any CPU.ActiveCfg = Release|Any CPU
		{DDC9D4FA-8457-4D65-A776-32F84227C2D8}.Release|Any CPU.Build.0 = Release|Any CPU
		{B469BD3C-8790-4262-AB02-0195AECB9CE6}.Debug|Any CPU.ActiveCfg = Debug|Any CPU
		{B469BD3C-8790-4262-AB02-0195AECB9CE6}.Debug|Any CPU.Build.0 = Debug|Any CPU
		{B469BD3C-8790-4262-AB02-0195AECB9CE6}.Release|Any CPU.ActiveCfg = Release|Any CPU
		{B469BD3C-8790-4262-AB02-0195AECB9CE6}.Release|Any CPU.Build.0 = Release|Any CPU
		{2E1FB0DF-F9BB-4909-9F32-2D9D022A8E57}.Debug|Any CPU.ActiveCfg = Debug|Any CPU
		{2E1FB0DF-F9BB-4909-9F32-2D9D022A8E57}.Debug|Any CPU.Build.0 = Debug|Any CPU
		{2E1FB0DF-F9BB-4909-9F32-2D9D022A8E57}.Release|Any CPU.ActiveCfg = Release|Any CPU
		{2E1FB0DF-F9BB-4909-9F32-2D9D022A8E57}.Release|Any CPU.Build.0 = Release|Any CPU
		{AA0C00CB-8699-4F37-BFAE-40CA87ACC06D}.Debug|Any CPU.ActiveCfg = Debug|Any CPU
		{AA0C00CB-8699-4F37-BFAE-40CA87ACC06D}.Debug|Any CPU.Build.0 = Debug|Any CPU
		{AA0C00CB-8699-4F37-BFAE-40CA87ACC06D}.Release|Any CPU.ActiveCfg = Release|Any CPU
		{AA0C00CB-8699-4F37-BFAE-40CA87ACC06D}.Release|Any CPU.Build.0 = Release|Any CPU
		{1FD71282-00D6-44D4-9857-1D26030662B2}.Debug|Any CPU.ActiveCfg = Debug|Any CPU
		{1FD71282-00D6-44D4-9857-1D26030662B2}.Debug|Any CPU.Build.0 = Debug|Any CPU
		{1FD71282-00D6-44D4-9857-1D26030662B2}.Release|Any CPU.ActiveCfg = Release|Any CPU
		{1FD71282-00D6-44D4-9857-1D26030662B2}.Release|Any CPU.Build.0 = Release|Any CPU
		{30E52DC9-89E9-40B7-8785-AC13479751B0}.Debug|Any CPU.ActiveCfg = Debug|Any CPU
		{30E52DC9-89E9-40B7-8785-AC13479751B0}.Debug|Any CPU.Build.0 = Debug|Any CPU
		{30E52DC9-89E9-40B7-8785-AC13479751B0}.Release|Any CPU.ActiveCfg = Release|Any CPU
		{30E52DC9-89E9-40B7-8785-AC13479751B0}.Release|Any CPU.Build.0 = Release|Any CPU
		{3EEDE2B5-F238-42D0-9666-ED4FE1453E23}.Debug|Any CPU.ActiveCfg = Debug|Any CPU
		{3EEDE2B5-F238-42D0-9666-ED4FE1453E23}.Debug|Any CPU.Build.0 = Debug|Any CPU
		{3EEDE2B5-F238-42D0-9666-ED4FE1453E23}.Release|Any CPU.ActiveCfg = Release|Any CPU
		{3EEDE2B5-F238-42D0-9666-ED4FE1453E23}.Release|Any CPU.Build.0 = Release|Any CPU
		{3F507334-F494-4D80-B698-DE4798CF5C8C}.Debug|Any CPU.ActiveCfg = Debug|Any CPU
		{3F507334-F494-4D80-B698-DE4798CF5C8C}.Debug|Any CPU.Build.0 = Debug|Any CPU
		{3F507334-F494-4D80-B698-DE4798CF5C8C}.Release|Any CPU.ActiveCfg = Release|Any CPU
		{3F507334-F494-4D80-B698-DE4798CF5C8C}.Release|Any CPU.Build.0 = Release|Any CPU
		{315A774E-E59D-4B34-BE47-16B408D42E66}.Debug|Any CPU.ActiveCfg = Debug|Any CPU
		{315A774E-E59D-4B34-BE47-16B408D42E66}.Debug|Any CPU.Build.0 = Debug|Any CPU
		{315A774E-E59D-4B34-BE47-16B408D42E66}.Release|Any CPU.ActiveCfg = Release|Any CPU
		{315A774E-E59D-4B34-BE47-16B408D42E66}.Release|Any CPU.Build.0 = Release|Any CPU
		{C9341443-36D5-4309-AB3D-D3D2612D5609}.Debug|Any CPU.ActiveCfg = Debug|Any CPU
		{C9341443-36D5-4309-AB3D-D3D2612D5609}.Debug|Any CPU.Build.0 = Debug|Any CPU
		{C9341443-36D5-4309-AB3D-D3D2612D5609}.Release|Any CPU.ActiveCfg = Release|Any CPU
		{C9341443-36D5-4309-AB3D-D3D2612D5609}.Release|Any CPU.Build.0 = Release|Any CPU
		{86B574DF-0076-4A7B-8082-4F0185953737}.Debug|Any CPU.ActiveCfg = Debug|Any CPU
		{86B574DF-0076-4A7B-8082-4F0185953737}.Debug|Any CPU.Build.0 = Debug|Any CPU
		{86B574DF-0076-4A7B-8082-4F0185953737}.Release|Any CPU.ActiveCfg = Release|Any CPU
		{86B574DF-0076-4A7B-8082-4F0185953737}.Release|Any CPU.Build.0 = Release|Any CPU
		{2C8D880A-68E2-49D9-82CD-3A2FE01E1F75}.Debug|Any CPU.ActiveCfg = Debug|Any CPU
		{2C8D880A-68E2-49D9-82CD-3A2FE01E1F75}.Debug|Any CPU.Build.0 = Debug|Any CPU
		{2C8D880A-68E2-49D9-82CD-3A2FE01E1F75}.Release|Any CPU.ActiveCfg = Release|Any CPU
		{2C8D880A-68E2-49D9-82CD-3A2FE01E1F75}.Release|Any CPU.Build.0 = Release|Any CPU
		{865A98D3-510F-4B8A-9AF5-38C68A40C70F}.Debug|Any CPU.ActiveCfg = Debug|Any CPU
		{865A98D3-510F-4B8A-9AF5-38C68A40C70F}.Debug|Any CPU.Build.0 = Debug|Any CPU
		{865A98D3-510F-4B8A-9AF5-38C68A40C70F}.Release|Any CPU.ActiveCfg = Release|Any CPU
		{865A98D3-510F-4B8A-9AF5-38C68A40C70F}.Release|Any CPU.Build.0 = Release|Any CPU
		{0AAB2216-EF05-49D7-9798-A754AEAC1DD7}.Debug|Any CPU.ActiveCfg = Debug|Any CPU
		{0AAB2216-EF05-49D7-9798-A754AEAC1DD7}.Debug|Any CPU.Build.0 = Debug|Any CPU
		{0AAB2216-EF05-49D7-9798-A754AEAC1DD7}.Release|Any CPU.ActiveCfg = Release|Any CPU
		{0AAB2216-EF05-49D7-9798-A754AEAC1DD7}.Release|Any CPU.Build.0 = Release|Any CPU
		{55FDAC13-2AB1-42C8-85BD-4A068F4107A0}.Debug|Any CPU.ActiveCfg = Debug|Any CPU
		{55FDAC13-2AB1-42C8-85BD-4A068F4107A0}.Debug|Any CPU.Build.0 = Debug|Any CPU
		{55FDAC13-2AB1-42C8-85BD-4A068F4107A0}.Release|Any CPU.ActiveCfg = Release|Any CPU
		{55FDAC13-2AB1-42C8-85BD-4A068F4107A0}.Release|Any CPU.Build.0 = Release|Any CPU
		{76A2D5B5-297D-4CA6-8C21-E851642143C5}.Debug|Any CPU.ActiveCfg = Debug|Any CPU
		{76A2D5B5-297D-4CA6-8C21-E851642143C5}.Debug|Any CPU.Build.0 = Debug|Any CPU
		{76A2D5B5-297D-4CA6-8C21-E851642143C5}.Release|Any CPU.ActiveCfg = Release|Any CPU
		{76A2D5B5-297D-4CA6-8C21-E851642143C5}.Release|Any CPU.Build.0 = Release|Any CPU
		{6C161902-E387-41EF-9F7E-699733184F6F}.Debug|Any CPU.ActiveCfg = Debug|Any CPU
		{6C161902-E387-41EF-9F7E-699733184F6F}.Debug|Any CPU.Build.0 = Debug|Any CPU
		{6C161902-E387-41EF-9F7E-699733184F6F}.Release|Any CPU.ActiveCfg = Release|Any CPU
		{6C161902-E387-41EF-9F7E-699733184F6F}.Release|Any CPU.Build.0 = Release|Any CPU
		{BC1015D4-2CDA-4CC1-AD06-35F949397F16}.Debug|Any CPU.ActiveCfg = Debug|Any CPU
		{BC1015D4-2CDA-4CC1-AD06-35F949397F16}.Debug|Any CPU.Build.0 = Debug|Any CPU
		{BC1015D4-2CDA-4CC1-AD06-35F949397F16}.Release|Any CPU.ActiveCfg = Release|Any CPU
		{BC1015D4-2CDA-4CC1-AD06-35F949397F16}.Release|Any CPU.Build.0 = Release|Any CPU
		{30574F83-3A99-4BE1-86EB-2E68C5D2CC4F}.Debug|Any CPU.ActiveCfg = Debug|Any CPU
		{30574F83-3A99-4BE1-86EB-2E68C5D2CC4F}.Debug|Any CPU.Build.0 = Debug|Any CPU
		{30574F83-3A99-4BE1-86EB-2E68C5D2CC4F}.Release|Any CPU.ActiveCfg = Release|Any CPU
		{30574F83-3A99-4BE1-86EB-2E68C5D2CC4F}.Release|Any CPU.Build.0 = Release|Any CPU
		{2026A44F-4D7C-492B-A8D4-6F486E246F4F}.Debug|Any CPU.ActiveCfg = Debug|Any CPU
		{2026A44F-4D7C-492B-A8D4-6F486E246F4F}.Debug|Any CPU.Build.0 = Debug|Any CPU
		{2026A44F-4D7C-492B-A8D4-6F486E246F4F}.Release|Any CPU.ActiveCfg = Release|Any CPU
		{2026A44F-4D7C-492B-A8D4-6F486E246F4F}.Release|Any CPU.Build.0 = Release|Any CPU
		{6F66DDA0-D3CE-5AB3-E55F-F9A09BB96586}.Debug|Any CPU.ActiveCfg = Debug|Any CPU
		{6F66DDA0-D3CE-5AB3-E55F-F9A09BB96586}.Debug|Any CPU.Build.0 = Debug|Any CPU
		{6F66DDA0-D3CE-5AB3-E55F-F9A09BB96586}.Release|Any CPU.ActiveCfg = Release|Any CPU
		{6F66DDA0-D3CE-5AB3-E55F-F9A09BB96586}.Release|Any CPU.Build.0 = Release|Any CPU
		{DE34122D-6FCD-B57C-E5C5-43286F8485A3}.Debug|Any CPU.ActiveCfg = Debug|Any CPU
		{DE34122D-6FCD-B57C-E5C5-43286F8485A3}.Debug|Any CPU.Build.0 = Debug|Any CPU
		{DE34122D-6FCD-B57C-E5C5-43286F8485A3}.Release|Any CPU.ActiveCfg = Release|Any CPU
		{DE34122D-6FCD-B57C-E5C5-43286F8485A3}.Release|Any CPU.Build.0 = Release|Any CPU
		{009A2477-B033-49AB-B3CA-A37130C08551}.Debug|Any CPU.ActiveCfg = Debug|Any CPU
		{009A2477-B033-49AB-B3CA-A37130C08551}.Debug|Any CPU.Build.0 = Debug|Any CPU
		{009A2477-B033-49AB-B3CA-A37130C08551}.Release|Any CPU.ActiveCfg = Release|Any CPU
		{009A2477-B033-49AB-B3CA-A37130C08551}.Release|Any CPU.Build.0 = Release|Any CPU
		{CC51B14A-0D1A-4033-8134-86662BD543A4}.Debug|Any CPU.ActiveCfg = Debug|Any CPU
		{CC51B14A-0D1A-4033-8134-86662BD543A4}.Debug|Any CPU.Build.0 = Debug|Any CPU
		{CC51B14A-0D1A-4033-8134-86662BD543A4}.Release|Any CPU.ActiveCfg = Release|Any CPU
		{CC51B14A-0D1A-4033-8134-86662BD543A4}.Release|Any CPU.Build.0 = Release|Any CPU
		{3051CDCD-1C06-4BF8-BD7E-2844A6FB0055}.Debug|Any CPU.ActiveCfg = Debug|Any CPU
		{3051CDCD-1C06-4BF8-BD7E-2844A6FB0055}.Debug|Any CPU.Build.0 = Debug|Any CPU
		{3051CDCD-1C06-4BF8-BD7E-2844A6FB0055}.Release|Any CPU.ActiveCfg = Release|Any CPU
		{3051CDCD-1C06-4BF8-BD7E-2844A6FB0055}.Release|Any CPU.Build.0 = Release|Any CPU
	EndGlobalSection
	GlobalSection(SolutionProperties) = preSolution
		HideSolutionNode = FALSE
	EndGlobalSection
	GlobalSection(NestedProjects) = preSolution
		{78F2AD9F-F689-4F84-AD24-FCE54B23C6E6} = {9F2810C8-6F9A-46F8-BF21-5A02EE5E9A3E}
		{FAED8422-BAC8-4909-A199-E16595A1F448} = {9F2810C8-6F9A-46F8-BF21-5A02EE5E9A3E}
		{B5AFDC3A-12D6-44BB-8B03-D4A3D6CDCE0D} = {9F2810C8-6F9A-46F8-BF21-5A02EE5E9A3E}
		{70C88862-47D9-4706-8C9A-2C9C8CFD4ABD} = {9F2810C8-6F9A-46F8-BF21-5A02EE5E9A3E}
		{08CA72AE-748C-45E3-88F1-0236D1AC679E} = {9F2810C8-6F9A-46F8-BF21-5A02EE5E9A3E}
		{51215E01-FAA3-4C16-9381-6F7B593A8FBE} = {9F2810C8-6F9A-46F8-BF21-5A02EE5E9A3E}
		{DDC9D4FA-8457-4D65-A776-32F84227C2D8} = {9F2810C8-6F9A-46F8-BF21-5A02EE5E9A3E}
		{B469BD3C-8790-4262-AB02-0195AECB9CE6} = {9F2810C8-6F9A-46F8-BF21-5A02EE5E9A3E}
		{2E1FB0DF-F9BB-4909-9F32-2D9D022A8E57} = {27C336B7-987D-4EF8-B330-41FB020BC094}
		{9F2810C8-6F9A-46F8-BF21-5A02EE5E9A3E} = {02E20678-9AD3-4370-904E-02D800F25B35}
		{D4060886-926E-4C66-B162-6AF9021DCCB1} = {02E20678-9AD3-4370-904E-02D800F25B35}
		{27C336B7-987D-4EF8-B330-41FB020BC094} = {02E20678-9AD3-4370-904E-02D800F25B35}
		{AA0C00CB-8699-4F37-BFAE-40CA87ACC06D} = {27C336B7-987D-4EF8-B330-41FB020BC094}
		{1FD71282-00D6-44D4-9857-1D26030662B2} = {218DB468-F097-4391-9481-971D3F07B588}
		{30E52DC9-89E9-40B7-8785-AC13479751B0} = {218DB468-F097-4391-9481-971D3F07B588}
		{218DB468-F097-4391-9481-971D3F07B588} = {02E20678-9AD3-4370-904E-02D800F25B35}
		{3EEDE2B5-F238-42D0-9666-ED4FE1453E23} = {218DB468-F097-4391-9481-971D3F07B588}
		{3F507334-F494-4D80-B698-DE4798CF5C8C} = {02E20678-9AD3-4370-904E-02D800F25B35}
		{315A774E-E59D-4B34-BE47-16B408D42E66} = {02E20678-9AD3-4370-904E-02D800F25B35}
		{47504A38-602C-43A1-989B-925F53E447E1} = {02E20678-9AD3-4370-904E-02D800F25B35}
		{C9341443-36D5-4309-AB3D-D3D2612D5609} = {47504A38-602C-43A1-989B-925F53E447E1}
		{86B574DF-0076-4A7B-8082-4F0185953737} = {02E20678-9AD3-4370-904E-02D800F25B35}
		{2C8D880A-68E2-49D9-82CD-3A2FE01E1F75} = {218DB468-F097-4391-9481-971D3F07B588}
		{865A98D3-510F-4B8A-9AF5-38C68A40C70F} = {02E20678-9AD3-4370-904E-02D800F25B35}
		{0AAB2216-EF05-49D7-9798-A754AEAC1DD7} = {02EA681E-C7D8-13C7-8484-4AC65E1B71E8}
		{55FDAC13-2AB1-42C8-85BD-4A068F4107A0} = {02EA681E-C7D8-13C7-8484-4AC65E1B71E8}
		{76A2D5B5-297D-4CA6-8C21-E851642143C5} = {3B4306ED-2F48-4E45-BCF5-C5EBEEA8734E}
		{3B4306ED-2F48-4E45-BCF5-C5EBEEA8734E} = {02E20678-9AD3-4370-904E-02D800F25B35}
		{6C161902-E387-41EF-9F7E-699733184F6F} = {3B4306ED-2F48-4E45-BCF5-C5EBEEA8734E}
		{BC1015D4-2CDA-4CC1-AD06-35F949397F16} = {02E20678-9AD3-4370-904E-02D800F25B35}
		{30574F83-3A99-4BE1-86EB-2E68C5D2CC4F} = {02E20678-9AD3-4370-904E-02D800F25B35}
		{2026A44F-4D7C-492B-A8D4-6F486E246F4F} = {02EA681E-C7D8-13C7-8484-4AC65E1B71E8}
		{6F66DDA0-D3CE-5AB3-E55F-F9A09BB96586} = {D4060886-926E-4C66-B162-6AF9021DCCB1}
		{DE34122D-6FCD-B57C-E5C5-43286F8485A3} = {D4060886-926E-4C66-B162-6AF9021DCCB1}
		{009A2477-B033-49AB-B3CA-A37130C08551} = {02EA681E-C7D8-13C7-8484-4AC65E1B71E8}
		{CC51B14A-0D1A-4033-8134-86662BD543A4} = {47504A38-602C-43A1-989B-925F53E447E1}
		{3051CDCD-1C06-4BF8-BD7E-2844A6FB0055} = {02E20678-9AD3-4370-904E-02D800F25B35}
	EndGlobalSection
	GlobalSection(ExtensibilityGlobals) = postSolution
		SolutionGuid = {D97A02AF-611A-4C19-8399-7F5F6B027468}
	EndGlobalSection
EndGlobal
