
Microsoft Visual Studio Solution File, Format Version 12.00
# Visual Studio Version 16
VisualStudioVersion = 16.0.31624.102
MinimumVisualStudioVersion = 10.0.40219.1
Project("{FAE04EC0-301F-11D3-BF4B-00C04F79EFBC}") = "Explorip", "Explorip\Explorip.csproj", "{001DCDA7-F4C3-4BD6-A86C-C99B35A9798A}"
EndProject
Project("{9A19103F-16F7-4668-BE54-9A1E7A4F7556}") = "VirtualDesktop", "VirtualDesktop\VirtualDesktop\VirtualDesktop.csproj", "{4A2D2831-B4D0-403F-A749-9E9143798C8D}"
EndProject
Project("{9A19103F-16F7-4668-BE54-9A1E7A4F7556}") = "VirtualDesktop.WinForms", "VirtualDesktop\VirtualDesktop.WinForms\VirtualDesktop.WinForms.csproj", "{216E7CEC-137F-4C93-99AD-C01CACF9A4D3}"
EndProject
Project("{9A19103F-16F7-4668-BE54-9A1E7A4F7556}") = "VirtualDesktop.WPF", "VirtualDesktop\VirtualDesktop.WPF\VirtualDesktop.WPF.csproj", "{8977ACAF-EDED-45E3-BE03-0C4E26F28D81}"
EndProject
Project("{9A19103F-16F7-4668-BE54-9A1E7A4F7556}") = "ManagedShell", "ManagedShell\ManagedShell\ManagedShell.csproj", "{78F2AD9F-F689-4F84-AD24-FCE54B23C6E6}"
EndProject
Project("{9A19103F-16F7-4668-BE54-9A1E7A4F7556}") = "ManagedShell.AppBar", "ManagedShell\ManagedShell.AppBar\ManagedShell.AppBar.csproj", "{FAED8422-BAC8-4909-A199-E16595A1F448}"
EndProject
Project("{9A19103F-16F7-4668-BE54-9A1E7A4F7556}") = "ManagedShell.Common", "ManagedShell\ManagedShell.Common\ManagedShell.Common.csproj", "{B5AFDC3A-12D6-44BB-8B03-D4A3D6CDCE0D}"
EndProject
Project("{9A19103F-16F7-4668-BE54-9A1E7A4F7556}") = "ManagedShell.Interop", "ManagedShell\ManagedShell.Interop\ManagedShell.Interop.csproj", "{70C88862-47D9-4706-8C9A-2C9C8CFD4ABD}"
EndProject
Project("{9A19103F-16F7-4668-BE54-9A1E7A4F7556}") = "ManagedShell.ShellFolders", "ManagedShell\ManagedShell.ShellFolders\ManagedShell.ShellFolders.csproj", "{08CA72AE-748C-45E3-88F1-0236D1AC679E}"
EndProject
Project("{9A19103F-16F7-4668-BE54-9A1E7A4F7556}") = "ManagedShell.UWPInterop", "ManagedShell\ManagedShell.UWPInterop\ManagedShell.UWPInterop.csproj", "{51215E01-FAA3-4C16-9381-6F7B593A8FBE}"
EndProject
Project("{9A19103F-16F7-4668-BE54-9A1E7A4F7556}") = "ManagedShell.WindowsTasks", "ManagedShell\ManagedShell.WindowsTasks\ManagedShell.WindowsTasks.csproj", "{DDC9D4FA-8457-4D65-A776-32F84227C2D8}"
EndProject
Project("{9A19103F-16F7-4668-BE54-9A1E7A4F7556}") = "ManagedShell.WindowsTray", "ManagedShell\ManagedShell.WindowsTray\ManagedShell.WindowsTray.csproj", "{B469BD3C-8790-4262-AB02-0195AECB9CE6}"
EndProject
Project("{FAE04EC0-301F-11D3-BF4B-00C04F79EFBC}") = "Core", "WindowsAPICodePack\Core\Core.csproj", "{2E1FB0DF-F9BB-4909-9F32-2D9D022A8E57}"
EndProject
Project("{2150E333-8FDC-42A3-9474-1A3956D46DE8}") = "Libs", "Libs", "{02E20678-9AD3-4370-904E-02D800F25B35}"
EndProject
Project("{2150E333-8FDC-42A3-9474-1A3956D46DE8}") = "ManagedShell", "ManagedShell", "{9F2810C8-6F9A-46F8-BF21-5A02EE5E9A3E}"
EndProject
Project("{2150E333-8FDC-42A3-9474-1A3956D46DE8}") = "VirtualDesktop", "VirtualDesktop", "{D4060886-926E-4C66-B162-6AF9021DCCB1}"
EndProject
Project("{2150E333-8FDC-42A3-9474-1A3956D46DE8}") = "WindowsAPICodePack", "WindowsAPICodePack", "{27C336B7-987D-4EF8-B330-41FB020BC094}"
EndProject
Project("{FAE04EC0-301F-11D3-BF4B-00C04F79EFBC}") = "Shell", "WindowsAPICodePack\Shell\Shell.csproj", "{AA0C00CB-8699-4F37-BFAE-40CA87ACC06D}"
EndProject
Project("{FAE04EC0-301F-11D3-BF4B-00C04F79EFBC}") = "CustomTabControl", "GUI\CustomTabControl\CustomTabControl.csproj", "{2B296F74-67A8-42C7-81EE-26506611A9FF}"
EndProject
Project("{FAE04EC0-301F-11D3-BF4B-00C04F79EFBC}") = "CustomWinForm", "GUI\CustomWinForm\CustomWinForm.csproj", "{BA89C958-015E-49F0-BF9F-F68287F9EBB2}"
EndProject
Project("{2150E333-8FDC-42A3-9474-1A3956D46DE8}") = "GUI", "GUI", "{52B9A3EB-0A79-4F8C-87B7-4B1EECA4CF6E}"
EndProject
Project("{FAE04EC0-301F-11D3-BF4B-00C04F79EFBC}") = "HookFileOperations", "HookFileOperations\HookFileOperations.csproj", "{1FD71282-00D6-44D4-9857-1D26030662B2}"
EndProject
Project("{FAE04EC0-301F-11D3-BF4B-00C04F79EFBC}") = "HookFileOperationsManager", "HookFileOperationsManager\HookFileOperationsManager.csproj", "{30E52DC9-89E9-40B7-8785-AC13479751B0}"
EndProject
Global
	GlobalSection(SolutionConfigurationPlatforms) = preSolution
		CodeAnalysisDebug|Any CPU = CodeAnalysisDebug|Any CPU
		CodeAnalysisDebug|x64 = CodeAnalysisDebug|x64
		Debug|Any CPU = Debug|Any CPU
		Debug|x64 = Debug|x64
		Release|Any CPU = Release|Any CPU
		Release|x64 = Release|x64
	EndGlobalSection
	GlobalSection(ProjectConfigurationPlatforms) = postSolution
		{001DCDA7-F4C3-4BD6-A86C-C99B35A9798A}.CodeAnalysisDebug|Any CPU.ActiveCfg = Debug|Any CPU
		{001DCDA7-F4C3-4BD6-A86C-C99B35A9798A}.CodeAnalysisDebug|Any CPU.Build.0 = Debug|Any CPU
		{001DCDA7-F4C3-4BD6-A86C-C99B35A9798A}.CodeAnalysisDebug|x64.ActiveCfg = Debug|Any CPU
		{001DCDA7-F4C3-4BD6-A86C-C99B35A9798A}.CodeAnalysisDebug|x64.Build.0 = Debug|Any CPU
		{001DCDA7-F4C3-4BD6-A86C-C99B35A9798A}.Debug|Any CPU.ActiveCfg = Debug|Any CPU
		{001DCDA7-F4C3-4BD6-A86C-C99B35A9798A}.Debug|Any CPU.Build.0 = Debug|Any CPU
		{001DCDA7-F4C3-4BD6-A86C-C99B35A9798A}.Debug|x64.ActiveCfg = Debug|Any CPU
		{001DCDA7-F4C3-4BD6-A86C-C99B35A9798A}.Debug|x64.Build.0 = Debug|Any CPU
		{001DCDA7-F4C3-4BD6-A86C-C99B35A9798A}.Release|Any CPU.ActiveCfg = Release|Any CPU
		{001DCDA7-F4C3-4BD6-A86C-C99B35A9798A}.Release|Any CPU.Build.0 = Release|Any CPU
		{001DCDA7-F4C3-4BD6-A86C-C99B35A9798A}.Release|x64.ActiveCfg = Release|Any CPU
		{001DCDA7-F4C3-4BD6-A86C-C99B35A9798A}.Release|x64.Build.0 = Release|Any CPU
		{4A2D2831-B4D0-403F-A749-9E9143798C8D}.CodeAnalysisDebug|Any CPU.ActiveCfg = Debug|Any CPU
		{4A2D2831-B4D0-403F-A749-9E9143798C8D}.CodeAnalysisDebug|Any CPU.Build.0 = Debug|Any CPU
		{4A2D2831-B4D0-403F-A749-9E9143798C8D}.CodeAnalysisDebug|x64.ActiveCfg = Debug|Any CPU
		{4A2D2831-B4D0-403F-A749-9E9143798C8D}.CodeAnalysisDebug|x64.Build.0 = Debug|Any CPU
		{4A2D2831-B4D0-403F-A749-9E9143798C8D}.Debug|Any CPU.ActiveCfg = Debug|Any CPU
		{4A2D2831-B4D0-403F-A749-9E9143798C8D}.Debug|Any CPU.Build.0 = Debug|Any CPU
		{4A2D2831-B4D0-403F-A749-9E9143798C8D}.Debug|x64.ActiveCfg = Debug|Any CPU
		{4A2D2831-B4D0-403F-A749-9E9143798C8D}.Debug|x64.Build.0 = Debug|Any CPU
		{4A2D2831-B4D0-403F-A749-9E9143798C8D}.Release|Any CPU.ActiveCfg = Release|Any CPU
		{4A2D2831-B4D0-403F-A749-9E9143798C8D}.Release|Any CPU.Build.0 = Release|Any CPU
		{4A2D2831-B4D0-403F-A749-9E9143798C8D}.Release|x64.ActiveCfg = Release|Any CPU
		{4A2D2831-B4D0-403F-A749-9E9143798C8D}.Release|x64.Build.0 = Release|Any CPU
		{216E7CEC-137F-4C93-99AD-C01CACF9A4D3}.CodeAnalysisDebug|Any CPU.ActiveCfg = Debug|Any CPU
		{216E7CEC-137F-4C93-99AD-C01CACF9A4D3}.CodeAnalysisDebug|Any CPU.Build.0 = Debug|Any CPU
		{216E7CEC-137F-4C93-99AD-C01CACF9A4D3}.CodeAnalysisDebug|x64.ActiveCfg = Debug|Any CPU
		{216E7CEC-137F-4C93-99AD-C01CACF9A4D3}.CodeAnalysisDebug|x64.Build.0 = Debug|Any CPU
		{216E7CEC-137F-4C93-99AD-C01CACF9A4D3}.Debug|Any CPU.ActiveCfg = Debug|Any CPU
		{216E7CEC-137F-4C93-99AD-C01CACF9A4D3}.Debug|Any CPU.Build.0 = Debug|Any CPU
		{216E7CEC-137F-4C93-99AD-C01CACF9A4D3}.Debug|x64.ActiveCfg = Debug|Any CPU
		{216E7CEC-137F-4C93-99AD-C01CACF9A4D3}.Debug|x64.Build.0 = Debug|Any CPU
		{216E7CEC-137F-4C93-99AD-C01CACF9A4D3}.Release|Any CPU.ActiveCfg = Release|Any CPU
		{216E7CEC-137F-4C93-99AD-C01CACF9A4D3}.Release|Any CPU.Build.0 = Release|Any CPU
		{216E7CEC-137F-4C93-99AD-C01CACF9A4D3}.Release|x64.ActiveCfg = Release|Any CPU
		{216E7CEC-137F-4C93-99AD-C01CACF9A4D3}.Release|x64.Build.0 = Release|Any CPU
		{8977ACAF-EDED-45E3-BE03-0C4E26F28D81}.CodeAnalysisDebug|Any CPU.ActiveCfg = Debug|Any CPU
		{8977ACAF-EDED-45E3-BE03-0C4E26F28D81}.CodeAnalysisDebug|Any CPU.Build.0 = Debug|Any CPU
		{8977ACAF-EDED-45E3-BE03-0C4E26F28D81}.CodeAnalysisDebug|x64.ActiveCfg = Debug|Any CPU
		{8977ACAF-EDED-45E3-BE03-0C4E26F28D81}.CodeAnalysisDebug|x64.Build.0 = Debug|Any CPU
		{8977ACAF-EDED-45E3-BE03-0C4E26F28D81}.Debug|Any CPU.ActiveCfg = Debug|Any CPU
		{8977ACAF-EDED-45E3-BE03-0C4E26F28D81}.Debug|Any CPU.Build.0 = Debug|Any CPU
		{8977ACAF-EDED-45E3-BE03-0C4E26F28D81}.Debug|x64.ActiveCfg = Debug|Any CPU
		{8977ACAF-EDED-45E3-BE03-0C4E26F28D81}.Debug|x64.Build.0 = Debug|Any CPU
		{8977ACAF-EDED-45E3-BE03-0C4E26F28D81}.Release|Any CPU.ActiveCfg = Release|Any CPU
		{8977ACAF-EDED-45E3-BE03-0C4E26F28D81}.Release|Any CPU.Build.0 = Release|Any CPU
		{8977ACAF-EDED-45E3-BE03-0C4E26F28D81}.Release|x64.ActiveCfg = Release|Any CPU
		{8977ACAF-EDED-45E3-BE03-0C4E26F28D81}.Release|x64.Build.0 = Release|Any CPU
		{78F2AD9F-F689-4F84-AD24-FCE54B23C6E6}.CodeAnalysisDebug|Any CPU.ActiveCfg = Debug|Any CPU
		{78F2AD9F-F689-4F84-AD24-FCE54B23C6E6}.CodeAnalysisDebug|Any CPU.Build.0 = Debug|Any CPU
		{78F2AD9F-F689-4F84-AD24-FCE54B23C6E6}.CodeAnalysisDebug|x64.ActiveCfg = Debug|Any CPU
		{78F2AD9F-F689-4F84-AD24-FCE54B23C6E6}.CodeAnalysisDebug|x64.Build.0 = Debug|Any CPU
		{78F2AD9F-F689-4F84-AD24-FCE54B23C6E6}.Debug|Any CPU.ActiveCfg = Debug|Any CPU
		{78F2AD9F-F689-4F84-AD24-FCE54B23C6E6}.Debug|Any CPU.Build.0 = Debug|Any CPU
		{78F2AD9F-F689-4F84-AD24-FCE54B23C6E6}.Debug|x64.ActiveCfg = Debug|Any CPU
		{78F2AD9F-F689-4F84-AD24-FCE54B23C6E6}.Debug|x64.Build.0 = Debug|Any CPU
		{78F2AD9F-F689-4F84-AD24-FCE54B23C6E6}.Release|Any CPU.ActiveCfg = Release|Any CPU
		{78F2AD9F-F689-4F84-AD24-FCE54B23C6E6}.Release|Any CPU.Build.0 = Release|Any CPU
		{78F2AD9F-F689-4F84-AD24-FCE54B23C6E6}.Release|x64.ActiveCfg = Release|Any CPU
		{78F2AD9F-F689-4F84-AD24-FCE54B23C6E6}.Release|x64.Build.0 = Release|Any CPU
		{FAED8422-BAC8-4909-A199-E16595A1F448}.CodeAnalysisDebug|Any CPU.ActiveCfg = Debug|Any CPU
		{FAED8422-BAC8-4909-A199-E16595A1F448}.CodeAnalysisDebug|Any CPU.Build.0 = Debug|Any CPU
		{FAED8422-BAC8-4909-A199-E16595A1F448}.CodeAnalysisDebug|x64.ActiveCfg = Debug|Any CPU
		{FAED8422-BAC8-4909-A199-E16595A1F448}.CodeAnalysisDebug|x64.Build.0 = Debug|Any CPU
		{FAED8422-BAC8-4909-A199-E16595A1F448}.Debug|Any CPU.ActiveCfg = Debug|Any CPU
		{FAED8422-BAC8-4909-A199-E16595A1F448}.Debug|Any CPU.Build.0 = Debug|Any CPU
		{FAED8422-BAC8-4909-A199-E16595A1F448}.Debug|x64.ActiveCfg = Debug|Any CPU
		{FAED8422-BAC8-4909-A199-E16595A1F448}.Debug|x64.Build.0 = Debug|Any CPU
		{FAED8422-BAC8-4909-A199-E16595A1F448}.Release|Any CPU.ActiveCfg = Release|Any CPU
		{FAED8422-BAC8-4909-A199-E16595A1F448}.Release|Any CPU.Build.0 = Release|Any CPU
		{FAED8422-BAC8-4909-A199-E16595A1F448}.Release|x64.ActiveCfg = Release|Any CPU
		{FAED8422-BAC8-4909-A199-E16595A1F448}.Release|x64.Build.0 = Release|Any CPU
		{B5AFDC3A-12D6-44BB-8B03-D4A3D6CDCE0D}.CodeAnalysisDebug|Any CPU.ActiveCfg = Debug|Any CPU
		{B5AFDC3A-12D6-44BB-8B03-D4A3D6CDCE0D}.CodeAnalysisDebug|Any CPU.Build.0 = Debug|Any CPU
		{B5AFDC3A-12D6-44BB-8B03-D4A3D6CDCE0D}.CodeAnalysisDebug|x64.ActiveCfg = Debug|Any CPU
		{B5AFDC3A-12D6-44BB-8B03-D4A3D6CDCE0D}.CodeAnalysisDebug|x64.Build.0 = Debug|Any CPU
		{B5AFDC3A-12D6-44BB-8B03-D4A3D6CDCE0D}.Debug|Any CPU.ActiveCfg = Debug|Any CPU
		{B5AFDC3A-12D6-44BB-8B03-D4A3D6CDCE0D}.Debug|Any CPU.Build.0 = Debug|Any CPU
		{B5AFDC3A-12D6-44BB-8B03-D4A3D6CDCE0D}.Debug|x64.ActiveCfg = Debug|Any CPU
		{B5AFDC3A-12D6-44BB-8B03-D4A3D6CDCE0D}.Debug|x64.Build.0 = Debug|Any CPU
		{B5AFDC3A-12D6-44BB-8B03-D4A3D6CDCE0D}.Release|Any CPU.ActiveCfg = Release|Any CPU
		{B5AFDC3A-12D6-44BB-8B03-D4A3D6CDCE0D}.Release|Any CPU.Build.0 = Release|Any CPU
		{B5AFDC3A-12D6-44BB-8B03-D4A3D6CDCE0D}.Release|x64.ActiveCfg = Release|Any CPU
		{B5AFDC3A-12D6-44BB-8B03-D4A3D6CDCE0D}.Release|x64.Build.0 = Release|Any CPU
		{70C88862-47D9-4706-8C9A-2C9C8CFD4ABD}.CodeAnalysisDebug|Any CPU.ActiveCfg = Debug|Any CPU
		{70C88862-47D9-4706-8C9A-2C9C8CFD4ABD}.CodeAnalysisDebug|Any CPU.Build.0 = Debug|Any CPU
		{70C88862-47D9-4706-8C9A-2C9C8CFD4ABD}.CodeAnalysisDebug|x64.ActiveCfg = Debug|Any CPU
		{70C88862-47D9-4706-8C9A-2C9C8CFD4ABD}.CodeAnalysisDebug|x64.Build.0 = Debug|Any CPU
		{70C88862-47D9-4706-8C9A-2C9C8CFD4ABD}.Debug|Any CPU.ActiveCfg = Debug|Any CPU
		{70C88862-47D9-4706-8C9A-2C9C8CFD4ABD}.Debug|Any CPU.Build.0 = Debug|Any CPU
		{70C88862-47D9-4706-8C9A-2C9C8CFD4ABD}.Debug|x64.ActiveCfg = Debug|Any CPU
		{70C88862-47D9-4706-8C9A-2C9C8CFD4ABD}.Debug|x64.Build.0 = Debug|Any CPU
		{70C88862-47D9-4706-8C9A-2C9C8CFD4ABD}.Release|Any CPU.ActiveCfg = Release|Any CPU
		{70C88862-47D9-4706-8C9A-2C9C8CFD4ABD}.Release|Any CPU.Build.0 = Release|Any CPU
		{70C88862-47D9-4706-8C9A-2C9C8CFD4ABD}.Release|x64.ActiveCfg = Release|Any CPU
		{70C88862-47D9-4706-8C9A-2C9C8CFD4ABD}.Release|x64.Build.0 = Release|Any CPU
		{08CA72AE-748C-45E3-88F1-0236D1AC679E}.CodeAnalysisDebug|Any CPU.ActiveCfg = Debug|Any CPU
		{08CA72AE-748C-45E3-88F1-0236D1AC679E}.CodeAnalysisDebug|Any CPU.Build.0 = Debug|Any CPU
		{08CA72AE-748C-45E3-88F1-0236D1AC679E}.CodeAnalysisDebug|x64.ActiveCfg = Debug|Any CPU
		{08CA72AE-748C-45E3-88F1-0236D1AC679E}.CodeAnalysisDebug|x64.Build.0 = Debug|Any CPU
		{08CA72AE-748C-45E3-88F1-0236D1AC679E}.Debug|Any CPU.ActiveCfg = Debug|Any CPU
		{08CA72AE-748C-45E3-88F1-0236D1AC679E}.Debug|Any CPU.Build.0 = Debug|Any CPU
		{08CA72AE-748C-45E3-88F1-0236D1AC679E}.Debug|x64.ActiveCfg = Debug|Any CPU
		{08CA72AE-748C-45E3-88F1-0236D1AC679E}.Debug|x64.Build.0 = Debug|Any CPU
		{08CA72AE-748C-45E3-88F1-0236D1AC679E}.Release|Any CPU.ActiveCfg = Release|Any CPU
		{08CA72AE-748C-45E3-88F1-0236D1AC679E}.Release|Any CPU.Build.0 = Release|Any CPU
		{08CA72AE-748C-45E3-88F1-0236D1AC679E}.Release|x64.ActiveCfg = Release|Any CPU
		{08CA72AE-748C-45E3-88F1-0236D1AC679E}.Release|x64.Build.0 = Release|Any CPU
		{51215E01-FAA3-4C16-9381-6F7B593A8FBE}.CodeAnalysisDebug|Any CPU.ActiveCfg = Debug|Any CPU
		{51215E01-FAA3-4C16-9381-6F7B593A8FBE}.CodeAnalysisDebug|Any CPU.Build.0 = Debug|Any CPU
		{51215E01-FAA3-4C16-9381-6F7B593A8FBE}.CodeAnalysisDebug|x64.ActiveCfg = Debug|Any CPU
		{51215E01-FAA3-4C16-9381-6F7B593A8FBE}.CodeAnalysisDebug|x64.Build.0 = Debug|Any CPU
		{51215E01-FAA3-4C16-9381-6F7B593A8FBE}.Debug|Any CPU.ActiveCfg = Debug|Any CPU
		{51215E01-FAA3-4C16-9381-6F7B593A8FBE}.Debug|Any CPU.Build.0 = Debug|Any CPU
		{51215E01-FAA3-4C16-9381-6F7B593A8FBE}.Debug|x64.ActiveCfg = Debug|Any CPU
		{51215E01-FAA3-4C16-9381-6F7B593A8FBE}.Debug|x64.Build.0 = Debug|Any CPU
		{51215E01-FAA3-4C16-9381-6F7B593A8FBE}.Release|Any CPU.ActiveCfg = Release|Any CPU
		{51215E01-FAA3-4C16-9381-6F7B593A8FBE}.Release|Any CPU.Build.0 = Release|Any CPU
		{51215E01-FAA3-4C16-9381-6F7B593A8FBE}.Release|x64.ActiveCfg = Release|Any CPU
		{51215E01-FAA3-4C16-9381-6F7B593A8FBE}.Release|x64.Build.0 = Release|Any CPU
		{DDC9D4FA-8457-4D65-A776-32F84227C2D8}.CodeAnalysisDebug|Any CPU.ActiveCfg = Debug|Any CPU
		{DDC9D4FA-8457-4D65-A776-32F84227C2D8}.CodeAnalysisDebug|Any CPU.Build.0 = Debug|Any CPU
		{DDC9D4FA-8457-4D65-A776-32F84227C2D8}.CodeAnalysisDebug|x64.ActiveCfg = Debug|Any CPU
		{DDC9D4FA-8457-4D65-A776-32F84227C2D8}.CodeAnalysisDebug|x64.Build.0 = Debug|Any CPU
		{DDC9D4FA-8457-4D65-A776-32F84227C2D8}.Debug|Any CPU.ActiveCfg = Debug|Any CPU
		{DDC9D4FA-8457-4D65-A776-32F84227C2D8}.Debug|Any CPU.Build.0 = Debug|Any CPU
		{DDC9D4FA-8457-4D65-A776-32F84227C2D8}.Debug|x64.ActiveCfg = Debug|Any CPU
		{DDC9D4FA-8457-4D65-A776-32F84227C2D8}.Debug|x64.Build.0 = Debug|Any CPU
		{DDC9D4FA-8457-4D65-A776-32F84227C2D8}.Release|Any CPU.ActiveCfg = Release|Any CPU
		{DDC9D4FA-8457-4D65-A776-32F84227C2D8}.Release|Any CPU.Build.0 = Release|Any CPU
		{DDC9D4FA-8457-4D65-A776-32F84227C2D8}.Release|x64.ActiveCfg = Release|Any CPU
		{DDC9D4FA-8457-4D65-A776-32F84227C2D8}.Release|x64.Build.0 = Release|Any CPU
		{B469BD3C-8790-4262-AB02-0195AECB9CE6}.CodeAnalysisDebug|Any CPU.ActiveCfg = Debug|Any CPU
		{B469BD3C-8790-4262-AB02-0195AECB9CE6}.CodeAnalysisDebug|Any CPU.Build.0 = Debug|Any CPU
		{B469BD3C-8790-4262-AB02-0195AECB9CE6}.CodeAnalysisDebug|x64.ActiveCfg = Debug|Any CPU
		{B469BD3C-8790-4262-AB02-0195AECB9CE6}.CodeAnalysisDebug|x64.Build.0 = Debug|Any CPU
		{B469BD3C-8790-4262-AB02-0195AECB9CE6}.Debug|Any CPU.ActiveCfg = Debug|Any CPU
		{B469BD3C-8790-4262-AB02-0195AECB9CE6}.Debug|Any CPU.Build.0 = Debug|Any CPU
		{B469BD3C-8790-4262-AB02-0195AECB9CE6}.Debug|x64.ActiveCfg = Debug|Any CPU
		{B469BD3C-8790-4262-AB02-0195AECB9CE6}.Debug|x64.Build.0 = Debug|Any CPU
		{B469BD3C-8790-4262-AB02-0195AECB9CE6}.Release|Any CPU.ActiveCfg = Release|Any CPU
		{B469BD3C-8790-4262-AB02-0195AECB9CE6}.Release|Any CPU.Build.0 = Release|Any CPU
		{B469BD3C-8790-4262-AB02-0195AECB9CE6}.Release|x64.ActiveCfg = Release|Any CPU
		{B469BD3C-8790-4262-AB02-0195AECB9CE6}.Release|x64.Build.0 = Release|Any CPU
		{2E1FB0DF-F9BB-4909-9F32-2D9D022A8E57}.CodeAnalysisDebug|Any CPU.ActiveCfg = Debug|Any CPU
		{2E1FB0DF-F9BB-4909-9F32-2D9D022A8E57}.CodeAnalysisDebug|Any CPU.Build.0 = Debug|Any CPU
		{2E1FB0DF-F9BB-4909-9F32-2D9D022A8E57}.CodeAnalysisDebug|x64.ActiveCfg = Debug|x64
		{2E1FB0DF-F9BB-4909-9F32-2D9D022A8E57}.CodeAnalysisDebug|x64.Build.0 = Debug|x64
		{2E1FB0DF-F9BB-4909-9F32-2D9D022A8E57}.Debug|Any CPU.ActiveCfg = Debug|Any CPU
		{2E1FB0DF-F9BB-4909-9F32-2D9D022A8E57}.Debug|Any CPU.Build.0 = Debug|Any CPU
		{2E1FB0DF-F9BB-4909-9F32-2D9D022A8E57}.Debug|x64.ActiveCfg = Debug|x64
		{2E1FB0DF-F9BB-4909-9F32-2D9D022A8E57}.Debug|x64.Build.0 = Debug|x64
		{2E1FB0DF-F9BB-4909-9F32-2D9D022A8E57}.Release|Any CPU.ActiveCfg = Release|Any CPU
		{2E1FB0DF-F9BB-4909-9F32-2D9D022A8E57}.Release|Any CPU.Build.0 = Release|Any CPU
		{2E1FB0DF-F9BB-4909-9F32-2D9D022A8E57}.Release|x64.ActiveCfg = Release|x64
		{2E1FB0DF-F9BB-4909-9F32-2D9D022A8E57}.Release|x64.Build.0 = Release|x64
		{AA0C00CB-8699-4F37-BFAE-40CA87ACC06D}.CodeAnalysisDebug|Any CPU.ActiveCfg = CodeAnalysisDebug|Any CPU
		{AA0C00CB-8699-4F37-BFAE-40CA87ACC06D}.CodeAnalysisDebug|Any CPU.Build.0 = CodeAnalysisDebug|Any CPU
		{AA0C00CB-8699-4F37-BFAE-40CA87ACC06D}.CodeAnalysisDebug|x64.ActiveCfg = CodeAnalysisDebug|x64
		{AA0C00CB-8699-4F37-BFAE-40CA87ACC06D}.CodeAnalysisDebug|x64.Build.0 = CodeAnalysisDebug|x64
		{AA0C00CB-8699-4F37-BFAE-40CA87ACC06D}.Debug|Any CPU.ActiveCfg = Debug|Any CPU
		{AA0C00CB-8699-4F37-BFAE-40CA87ACC06D}.Debug|Any CPU.Build.0 = Debug|Any CPU
		{AA0C00CB-8699-4F37-BFAE-40CA87ACC06D}.Debug|x64.ActiveCfg = Debug|x64
		{AA0C00CB-8699-4F37-BFAE-40CA87ACC06D}.Debug|x64.Build.0 = Debug|x64
		{AA0C00CB-8699-4F37-BFAE-40CA87ACC06D}.Release|Any CPU.ActiveCfg = Release|Any CPU
		{AA0C00CB-8699-4F37-BFAE-40CA87ACC06D}.Release|Any CPU.Build.0 = Release|Any CPU
		{AA0C00CB-8699-4F37-BFAE-40CA87ACC06D}.Release|x64.ActiveCfg = Release|x64
		{AA0C00CB-8699-4F37-BFAE-40CA87ACC06D}.Release|x64.Build.0 = Release|x64
		{2B296F74-67A8-42C7-81EE-26506611A9FF}.CodeAnalysisDebug|Any CPU.ActiveCfg = Debug|Any CPU
		{2B296F74-67A8-42C7-81EE-26506611A9FF}.CodeAnalysisDebug|Any CPU.Build.0 = Debug|Any CPU
		{2B296F74-67A8-42C7-81EE-26506611A9FF}.CodeAnalysisDebug|x64.ActiveCfg = Debug|Any CPU
		{2B296F74-67A8-42C7-81EE-26506611A9FF}.CodeAnalysisDebug|x64.Build.0 = Debug|Any CPU
		{2B296F74-67A8-42C7-81EE-26506611A9FF}.Debug|Any CPU.ActiveCfg = Debug|Any CPU
		{2B296F74-67A8-42C7-81EE-26506611A9FF}.Debug|Any CPU.Build.0 = Debug|Any CPU
		{2B296F74-67A8-42C7-81EE-26506611A9FF}.Debug|x64.ActiveCfg = Debug|Any CPU
		{2B296F74-67A8-42C7-81EE-26506611A9FF}.Debug|x64.Build.0 = Debug|Any CPU
		{2B296F74-67A8-42C7-81EE-26506611A9FF}.Release|Any CPU.ActiveCfg = Release|Any CPU
		{2B296F74-67A8-42C7-81EE-26506611A9FF}.Release|Any CPU.Build.0 = Release|Any CPU
		{2B296F74-67A8-42C7-81EE-26506611A9FF}.Release|x64.ActiveCfg = Release|Any CPU
		{2B296F74-67A8-42C7-81EE-26506611A9FF}.Release|x64.Build.0 = Release|Any CPU
		{BA89C958-015E-49F0-BF9F-F68287F9EBB2}.CodeAnalysisDebug|Any CPU.ActiveCfg = Debug|Any CPU
		{BA89C958-015E-49F0-BF9F-F68287F9EBB2}.CodeAnalysisDebug|Any CPU.Build.0 = Debug|Any CPU
		{BA89C958-015E-49F0-BF9F-F68287F9EBB2}.CodeAnalysisDebug|x64.ActiveCfg = Debug|Any CPU
		{BA89C958-015E-49F0-BF9F-F68287F9EBB2}.CodeAnalysisDebug|x64.Build.0 = Debug|Any CPU
		{BA89C958-015E-49F0-BF9F-F68287F9EBB2}.Debug|Any CPU.ActiveCfg = Debug|Any CPU
		{BA89C958-015E-49F0-BF9F-F68287F9EBB2}.Debug|Any CPU.Build.0 = Debug|Any CPU
		{BA89C958-015E-49F0-BF9F-F68287F9EBB2}.Debug|x64.ActiveCfg = Debug|Any CPU
		{BA89C958-015E-49F0-BF9F-F68287F9EBB2}.Debug|x64.Build.0 = Debug|Any CPU
		{BA89C958-015E-49F0-BF9F-F68287F9EBB2}.Release|Any CPU.ActiveCfg = Release|Any CPU
		{BA89C958-015E-49F0-BF9F-F68287F9EBB2}.Release|Any CPU.Build.0 = Release|Any CPU
		{BA89C958-015E-49F0-BF9F-F68287F9EBB2}.Release|x64.ActiveCfg = Release|Any CPU
		{BA89C958-015E-49F0-BF9F-F68287F9EBB2}.Release|x64.Build.0 = Release|Any CPU
		{1FD71282-00D6-44D4-9857-1D26030662B2}.CodeAnalysisDebug|Any CPU.ActiveCfg = Debug|Any CPU
		{1FD71282-00D6-44D4-9857-1D26030662B2}.CodeAnalysisDebug|Any CPU.Build.0 = Debug|Any CPU
		{1FD71282-00D6-44D4-9857-1D26030662B2}.CodeAnalysisDebug|x64.ActiveCfg = Debug|Any CPU
		{1FD71282-00D6-44D4-9857-1D26030662B2}.CodeAnalysisDebug|x64.Build.0 = Debug|Any CPU
		{1FD71282-00D6-44D4-9857-1D26030662B2}.Debug|Any CPU.ActiveCfg = Debug|Any CPU
		{1FD71282-00D6-44D4-9857-1D26030662B2}.Debug|Any CPU.Build.0 = Debug|Any CPU
		{1FD71282-00D6-44D4-9857-1D26030662B2}.Debug|x64.ActiveCfg = Debug|Any CPU
		{1FD71282-00D6-44D4-9857-1D26030662B2}.Debug|x64.Build.0 = Debug|Any CPU
		{1FD71282-00D6-44D4-9857-1D26030662B2}.Release|Any CPU.ActiveCfg = Release|Any CPU
		{1FD71282-00D6-44D4-9857-1D26030662B2}.Release|Any CPU.Build.0 = Release|Any CPU
		{1FD71282-00D6-44D4-9857-1D26030662B2}.Release|x64.ActiveCfg = Release|Any CPU
		{1FD71282-00D6-44D4-9857-1D26030662B2}.Release|x64.Build.0 = Release|Any CPU
		{30E52DC9-89E9-40B7-8785-AC13479751B0}.CodeAnalysisDebug|Any CPU.ActiveCfg = Debug|Any CPU
		{30E52DC9-89E9-40B7-8785-AC13479751B0}.CodeAnalysisDebug|Any CPU.Build.0 = Debug|Any CPU
		{30E52DC9-89E9-40B7-8785-AC13479751B0}.CodeAnalysisDebug|x64.ActiveCfg = Debug|Any CPU
		{30E52DC9-89E9-40B7-8785-AC13479751B0}.CodeAnalysisDebug|x64.Build.0 = Debug|Any CPU
		{30E52DC9-89E9-40B7-8785-AC13479751B0}.Debug|Any CPU.ActiveCfg = Debug|Any CPU
		{30E52DC9-89E9-40B7-8785-AC13479751B0}.Debug|Any CPU.Build.0 = Debug|Any CPU
		{30E52DC9-89E9-40B7-8785-AC13479751B0}.Debug|x64.ActiveCfg = Debug|Any CPU
		{30E52DC9-89E9-40B7-8785-AC13479751B0}.Debug|x64.Build.0 = Debug|Any CPU
		{30E52DC9-89E9-40B7-8785-AC13479751B0}.Release|Any CPU.ActiveCfg = Release|Any CPU
		{30E52DC9-89E9-40B7-8785-AC13479751B0}.Release|Any CPU.Build.0 = Release|Any CPU
		{30E52DC9-89E9-40B7-8785-AC13479751B0}.Release|x64.ActiveCfg = Release|Any CPU
		{30E52DC9-89E9-40B7-8785-AC13479751B0}.Release|x64.Build.0 = Release|Any CPU
	EndGlobalSection
	GlobalSection(SolutionProperties) = preSolution
		HideSolutionNode = FALSE
	EndGlobalSection
	GlobalSection(NestedProjects) = preSolution
		{4A2D2831-B4D0-403F-A749-9E9143798C8D} = {D4060886-926E-4C66-B162-6AF9021DCCB1}
		{216E7CEC-137F-4C93-99AD-C01CACF9A4D3} = {D4060886-926E-4C66-B162-6AF9021DCCB1}
		{8977ACAF-EDED-45E3-BE03-0C4E26F28D81} = {D4060886-926E-4C66-B162-6AF9021DCCB1}
		{78F2AD9F-F689-4F84-AD24-FCE54B23C6E6} = {9F2810C8-6F9A-46F8-BF21-5A02EE5E9A3E}
		{FAED8422-BAC8-4909-A199-E16595A1F448} = {9F2810C8-6F9A-46F8-BF21-5A02EE5E9A3E}
		{B5AFDC3A-12D6-44BB-8B03-D4A3D6CDCE0D} = {9F2810C8-6F9A-46F8-BF21-5A02EE5E9A3E}
		{70C88862-47D9-4706-8C9A-2C9C8CFD4ABD} = {9F2810C8-6F9A-46F8-BF21-5A02EE5E9A3E}
		{08CA72AE-748C-45E3-88F1-0236D1AC679E} = {9F2810C8-6F9A-46F8-BF21-5A02EE5E9A3E}
		{51215E01-FAA3-4C16-9381-6F7B593A8FBE} = {9F2810C8-6F9A-46F8-BF21-5A02EE5E9A3E}
		{DDC9D4FA-8457-4D65-A776-32F84227C2D8} = {9F2810C8-6F9A-46F8-BF21-5A02EE5E9A3E}
		{B469BD3C-8790-4262-AB02-0195AECB9CE6} = {9F2810C8-6F9A-46F8-BF21-5A02EE5E9A3E}
		{2E1FB0DF-F9BB-4909-9F32-2D9D022A8E57} = {27C336B7-987D-4EF8-B330-41FB020BC094}
		{9F2810C8-6F9A-46F8-BF21-5A02EE5E9A3E} = {02E20678-9AD3-4370-904E-02D800F25B35}
		{D4060886-926E-4C66-B162-6AF9021DCCB1} = {02E20678-9AD3-4370-904E-02D800F25B35}
		{27C336B7-987D-4EF8-B330-41FB020BC094} = {02E20678-9AD3-4370-904E-02D800F25B35}
		{AA0C00CB-8699-4F37-BFAE-40CA87ACC06D} = {27C336B7-987D-4EF8-B330-41FB020BC094}
		{2B296F74-67A8-42C7-81EE-26506611A9FF} = {52B9A3EB-0A79-4F8C-87B7-4B1EECA4CF6E}
		{BA89C958-015E-49F0-BF9F-F68287F9EBB2} = {52B9A3EB-0A79-4F8C-87B7-4B1EECA4CF6E}
		{52B9A3EB-0A79-4F8C-87B7-4B1EECA4CF6E} = {02E20678-9AD3-4370-904E-02D800F25B35}
		{1FD71282-00D6-44D4-9857-1D26030662B2} = {02E20678-9AD3-4370-904E-02D800F25B35}
		{30E52DC9-89E9-40B7-8785-AC13479751B0} = {02E20678-9AD3-4370-904E-02D800F25B35}
	EndGlobalSection
	GlobalSection(ExtensibilityGlobals) = postSolution
		SolutionGuid = {D97A02AF-611A-4C19-8399-7F5F6B027468}
	EndGlobalSection
EndGlobal
